<?xml version="1.0" encoding="UTF-8"?>
<Scheme
   LastUpgradeVersion = "0730"
   version = "2.0">
   <BuildAction
      parallelizeBuildables = "YES"
      buildImplicitDependencies = "YES">
      <BuildActionEntries>
         <BuildActionEntry
            buildForTesting = "YES"
            buildForRunning = "YES"
            buildForProfiling = "YES"
            buildForArchiving = "YES"
            buildForAnalyzing = "YES">
            <BuildableReference
               BuildableIdentifier = "primary"
               BlueprintIdentifier = "550E343618E6293D00A1AD21"
               BuildableName = "Pcsxr-QL.qlgenerator"
               BlueprintName = "Pcsxr-QL"
               ReferencedContainer = "container:Pcsxr.xcodeproj">
            </BuildableReference>
         </BuildActionEntry>
      </BuildActionEntries>
   </BuildAction>
   <TestAction
      buildConfiguration = "Debug"
      selectedDebuggerIdentifier = "Xcode.DebuggerFoundation.Debugger.LLDB"
      selectedLauncherIdentifier = "Xcode.DebuggerFoundation.Launcher.LLDB"
      shouldUseLaunchSchemeArgsEnv = "YES">
      <Testables>
      </Testables>
      <AdditionalOptions>
      </AdditionalOptions>
   </TestAction>
   <LaunchAction
      buildConfiguration = "Debug"
      selectedDebuggerIdentifier = "Xcode.DebuggerFoundation.Debugger.LLDB"
      selectedLauncherIdentifier = "Xcode.DebuggerFoundation.Launcher.LLDB"
      launchStyle = "0"
      useCustomWorkingDirectory = "NO"
      ignoresPersistentStateOnLaunch = "NO"
      debugDocumentVersioning = "NO"
      debugXPCServices = "NO"
      debugServiceExtension = "internal"
      allowLocationSimulation = "NO"
      viewDebuggingEnabled = "No">
      <PathRunnable
         runnableDebuggingMode = "0"
         FilePath = "/System/Library/Frameworks/QuickLook.framework/Versions/A/Resources/quicklookd.app/Contents/MacOS/qlmanage">
      </PathRunnable>
      <MacroExpansion>
         <BuildableReference
            BuildableIdentifier = "primary"
            BlueprintIdentifier = "550E343618E6293D00A1AD21"
            BuildableName = "Pcsxr-QL.qlgenerator"
            BlueprintName = "Pcsxr-QL"
            ReferencedContainer = "container:Pcsxr.xcodeproj">
         </BuildableReference>
      </MacroExpansion>
      <CommandLineArguments>
         <CommandLineArgument
            argument = "-g &quot;${TARGET_BUILD_DIR}&quot;/&quot;${PRODUCT_NAME}&quot;.${WRAPPER_EXTENSION} -c com.codeplex.pcsxr.memcard"
            isEnabled = "YES">
         </CommandLineArgument>
         <CommandLineArgument
            argument = "-t /Users/cwbetts/Documents/Pcsxr/Memory\ Cards/Mcd002.mcr"
            isEnabled = "YES">
         </CommandLineArgument>
         <CommandLineArgument
            argument = "-t /Users/cwbetts/Library/&quot;Application Support&quot;/Pcsxr/&quot;Memory Cards&quot;/&quot;descent max.mcr&quot;"
            isEnabled = "NO">
         </CommandLineArgument>
         <CommandLineArgument
            argument = "-p /Users/cwbetts/Library/&quot;Application Support&quot;/Pcsxr/&quot;Memory Cards&quot;/&quot;descent max.mcr&quot;"
            isEnabled = "NO">
         </CommandLineArgument>
         <CommandLineArgument
            argument = "-p /Users/cwbetts/Library/Application\ Support/Pcsxr/Save\ States/SCUS94555-000.pcsxrstate"
            isEnabled = "NO">
         </CommandLineArgument>
         <CommandLineArgument
            argument = "-p /Users/cwbetts/Library/Application\ Support/Pcsxr/Save\ States/JM3_FINAL1V4-SCUS94555.000.pcsxrstate"
            isEnabled = "NO">
         </CommandLineArgument>
         <CommandLineArgument
            argument = "-o /Users/cwbetts/imdemo"
            isEnabled = "YES">
         </CommandLineArgument>
      </CommandLineArguments>
      <AdditionalOptions>
      </AdditionalOptions>
   </LaunchAction>
   <ProfileAction
      buildConfiguration = "Release"
      shouldUseLaunchSchemeArgsEnv = "YES"
      savedToolIdentifier = ""
      useCustomWorkingDirectory = "NO"
      debugDocumentVersioning = "YES">
   </ProfileAction>
   <AnalyzeAction
      buildConfiguration = "Debug">
   </AnalyzeAction>
   <ArchiveAction
      buildConfiguration = "Release"
      revealArchiveInOrganizer = "YES">
   </ArchiveAction>
</Scheme>
